
Microsoft Visual Studio Solution File, Format Version 12.00
# Visual Studio Version 17
VisualStudioVersion = 17.2.32630.192
MinimumVisualStudioVersion = 10.0.40219.1
Project("{FAE04EC0-301F-11D3-BF4B-00C04F79EFBC}") = "Linq", "Linq\Linq.csproj", "{44DE9E32-F7D0-4A3E-81CA-B9F4F6EFF74C}"
EndProject
Global
	GlobalSection(SolutionConfigurationPlatforms) = preSolution
		Debug|Any CPU = Debug|Any CPU
		Release|Any CPU = Release|Any CPU
	EndGlobalSection
	GlobalSection(ProjectConfigurationPlatforms) = postSolution
		{44DE9E32-F7D0-4A3E-81CA-B9F4F6EFF74C}.Debug|Any CPU.ActiveCfg = Debug|Any CPU
		{44DE9E32-F7D0-4A3E-81CA-B9F4F6EFF74C}.Debug|Any CPU.Build.0 = Debug|Any CPU
		{44DE9E32-F7D0-4A3E-81CA-B9F4F6EFF74C}.Release|Any CPU.ActiveCfg = Release|Any CPU
		{44DE9E32-F7D0-4A3E-81CA-B9F4F6EFF74C}.Release|Any CPU.Build.0 = Release|Any CPU
	EndGlobalSection
	GlobalSection(SolutionProperties) = preSolution
		HideSolutionNode = FALSE
	EndGlobalSection
	GlobalSection(ExtensibilityGlobals) = postSolution
		SolutionGuid = {63E39404-837B-4068-BFBC-A1D60F301194}
	EndGlobalSection
EndGlobal
